
Microsoft Visual Studio Solution File, Format Version 12.00
# Visual Studio Version 17
VisualStudioVersion = 17.13.35828.75 d17.13
MinimumVisualStudioVersion = 10.0.40219.1
Project("{FAE04EC0-301F-11D3-BF4B-00C04F79EFBC}") = "tk", "tk.csproj", "{6932417E-EA2E-4618-BDE3-FB0B294E0993}"
EndProject
Project("{FAE04EC0-301F-11D3-BF4B-00C04F79EFBC}") = "UnitTestProject1", "..\UnitTestProject1\UnitTestProject1.csproj", "{141A06AA-C581-4AB1-BBB8-3284442D335B}"
EndProject
Global
	GlobalSection(SolutionConfigurationPlatforms) = preSolution
		Debug|Any CPU = Debug|Any CPU
		Release|Any CPU = Release|Any CPU
	EndGlobalSection
	GlobalSection(ProjectConfigurationPlatforms) = postSolution
		{6932417E-EA2E-4618-BDE3-FB0B294E0993}.Debug|Any CPU.ActiveCfg = Debug|Any CPU
		{6932417E-EA2E-4618-BDE3-FB0B294E0993}.Debug|Any CPU.Build.0 = Debug|Any CPU
		{6932417E-EA2E-4618-BDE3-FB0B294E0993}.Release|Any CPU.ActiveCfg = Release|Any CPU
		{6932417E-EA2E-4618-BDE3-FB0B294E0993}.Release|Any CPU.Build.0 = Release|Any CPU
		{141A06AA-C581-4AB1-BBB8-3284442D335B}.Debug|Any CPU.ActiveCfg = Debug|Any CPU
		{141A06AA-C581-4AB1-BBB8-3284442D335B}.Debug|Any CPU.Build.0 = Debug|Any CPU
		{141A06AA-C581-4AB1-BBB8-3284442D335B}.Release|Any CPU.ActiveCfg = Release|Any CPU
		{141A06AA-C581-4AB1-BBB8-3284442D335B}.Release|Any CPU.Build.0 = Release|Any CPU
	EndGlobalSection
	GlobalSection(SolutionProperties) = preSolution
		HideSolutionNode = FALSE
	EndGlobalSection
	GlobalSection(ExtensibilityGlobals) = postSolution
		SolutionGuid = {6438F94A-1C68-4992-B716-81537BD56FA6}
	EndGlobalSection
EndGlobal
